{
  "name": "@services/~template-ts",
  "version": "1.0.0",
  "lockfileVersion": 2,
  "requires": true,
  "packages": {
    "": {
      "name": "@services/~template-ts",
      "version": "1.0.0",
      "license": "ISC",
      "dependencies": {
        "@shared/utils": "file:../../shared/utils",
        "@sls/lib": "file:../../sls/lib",
        "ajv": "^8.5.0",
        "redis": "^3.1.2"
      },
      "devDependencies": {
        "@sls/configurations": "file:../../sls/configurations",
        "@sls/definitions": "file:../../sls/definitions",
        "@types/aws-lambda": "^8.10.76",
        "@types/redis": "^2.8.28"
      }
    },
    "../../shared/utils": {
      "name": "@shared/utils",
      "version": "1.0.2",
      "license": "ISC"
    },
    "../../sls/configurations": {
      "name": "@sls/configurations",
      "version": "1.0.2",
      "dev": true,
      "license": "ISC",
      "devDependencies": {
        "@babel/cli": "^7.13.16",
        "@babel/core": "^7.13.16",
        "@babel/eslint-parser": "^7.13.14",
        "@babel/node": "^7.13.13",
        "@babel/plugin-proposal-class-properties": "^7.13.0",
        "@babel/plugin-transform-runtime": "^7.13.15",
        "@babel/preset-env": "^7.13.15",
        "@babel/preset-typescript": "^7.13.0",
        "@types/aws-lambda": "^8.10.76",
        "@types/jest": "^26.0.23",
        "@types/serverless": "^1.78.28",
        "@typescript-eslint/eslint-plugin": "^4.22.0",
        "@typescript-eslint/parser": "^4.22.0",
        "babel-jest": "^26.6.3",
        "babel-loader": "^8.2.2",
        "eslint": "^7.25.0",
        "eslint-config-airbnb-base": "^14.2.1",
        "eslint-plugin-import": "^2.22.1",
        "file-loader": "^6.2.0",
        "fork-ts-checker-webpack-plugin": "^6.2.10",
        "jest": "^26.6.3",
        "serverless-webpack": "^5.4.1",
        "source-map-support": "^0.5.19",
        "typescript": "^4.2.4",
        "webpack": "^5.35.1",
        "webpack-bundle-analyzer": "^4.4.1",
        "webpack-cli": "^4.6.0",
        "webpack-node-externals": "^3.0.0"
      }
    },
    "../../sls/definitions": {
      "name": "@sls/definitions",
      "version": "1.0.1",
      "dev": true,
      "license": "ISC",
      "devDependencies": {
        "@sls/configurations": "file:../configurations",
        "serverless": "^2.38.0",
        "serverless-iam-roles-per-function": "^3.1.0",
        "serverless-localstack": "^0.4.31",
        "serverless-offline": "^6.9.0",
        "serverless-offline-scheduler": "^0.4.2",
        "serverless-offline-sns": "^0.68.0",
        "serverless-offline-sqs": "^4.1.1",
        "serverless-plugin-scripts": "^1.0.2",
        "serverless-plugin-typescript": "^1.1.9",
        "serverless-s3-local": "^0.6.14",
        "serverless-webpack": "^5.4.2"
      }
    },
    "../../sls/lib": {
      "name": "@sls/lib",
      "version": "1.0.1",
      "license": "ISC",
      "dependencies": {
        "aws-sdk": "^2.892.0",
        "source-map-support": "^0.5.19"
      },
      "devDependencies": {
        "@sls/configurations": "file:../configurations"
      }
    },
    "node_modules/@shared/utils": {
      "resolved": "../../shared/utils",
      "link": true
    },
    "node_modules/@sls/configurations": {
      "resolved": "../../sls/configurations",
      "link": true
    },
    "node_modules/@sls/definitions": {
      "resolved": "../../sls/definitions",
      "link": true
    },
    "node_modules/@sls/lib": {
      "resolved": "../../sls/lib",
      "link": true
    },
    "node_modules/@types/aws-lambda": {
      "version": "8.10.76",
      "resolved": "https://registry.npmjs.org/@types/aws-lambda/-/aws-lambda-8.10.76.tgz",
      "integrity": "sha512-lCTyeRm3NWqSwDnoji0z82Pl0tsOpr1p+33AiNeidgarloWXh3wdiVRUuxEa+sY9S5YLOYGz5X3N3Zvpibvm5w==",
      "dev": true
    },
    "node_modules/@types/node": {
      "version": "15.6.0",
      "resolved": "https://registry.npmjs.org/@types/node/-/node-15.6.0.tgz",
      "integrity": "sha512-gCYSfQpy+LYhOFTKAeE8BkyGqaxmlFxe+n4DKM6DR0wzw/HISUE/hAmkC/KT8Sw5PCJblqg062b3z9gucv3k0A==",
      "dev": true
    },
    "node_modules/@types/redis": {
      "version": "2.8.28",
      "resolved": "https://registry.npmjs.org/@types/redis/-/redis-2.8.28.tgz",
      "integrity": "sha512-8l2gr2OQ969ypa7hFOeKqtFoY70XkHxISV0pAwmQ2nm6CSPb1brmTmqJCGGrekCo+pAZyWlNXr+Kvo6L/1wijA==",
      "dev": true,
      "dependencies": {
        "@types/node": "*"
      }
    },
    "node_modules/ajv": {
      "version": "8.5.0",
      "resolved": "https://registry.npmjs.org/ajv/-/ajv-8.5.0.tgz",
      "integrity": "sha512-Y2l399Tt1AguU3BPRP9Fn4eN+Or+StUGWCUpbnFyXSo8NZ9S4uj+AG2pjs5apK+ZMOwYOz1+a+VKvKH7CudXgQ==",
      "dependencies": {
        "fast-deep-equal": "^3.1.1",
        "json-schema-traverse": "^1.0.0",
        "require-from-string": "^2.0.2",
        "uri-js": "^4.2.2"
      },
      "funding": {
        "type": "github",
        "url": "https://github.com/sponsors/epoberezkin"
      }
    },
    "node_modules/denque": {
      "version": "1.5.0",
      "resolved": "https://registry.npmjs.org/denque/-/denque-1.5.0.tgz",
      "integrity": "sha512-CYiCSgIF1p6EUByQPlGkKnP1M9g0ZV3qMIrqMqZqdwazygIA/YP2vrbcyl1h/WppKJTdl1F85cXIle+394iDAQ==",
      "engines": {
        "node": ">=0.10"
      }
    },
    "node_modules/fast-deep-equal": {
      "version": "3.1.3",
      "resolved": "https://registry.npmjs.org/fast-deep-equal/-/fast-deep-equal-3.1.3.tgz",
      "integrity": "sha512-f3qQ9oQy9j2AhBe/H9VC91wLmKBCCU/gDOnKNAYG5hswO7BLKj09Hc5HYNz9cGI++xlpDCIgDaitVs03ATR84Q=="
    },
    "node_modules/json-schema-traverse": {
      "version": "1.0.0",
      "resolved": "https://registry.npmjs.org/json-schema-traverse/-/json-schema-traverse-1.0.0.tgz",
      "integrity": "sha512-NM8/P9n3XjXhIZn1lLhkFaACTOURQXjWhV4BA/RnOv8xvgqtqpAX9IO4mRQxSx1Rlo4tqzeqb0sOlruaOy3dug=="
    },
    "node_modules/punycode": {
      "version": "2.1.1",
      "resolved": "https://registry.npmjs.org/punycode/-/punycode-2.1.1.tgz",
      "integrity": "sha512-XRsRjdf+j5ml+y/6GKHPZbrF/8p2Yga0JPtdqTIY2Xe5ohJPD9saDJJLPvp9+NSBprVvevdXZybnj2cv8OEd0A==",
      "engines": {
        "node": ">=6"
      }
    },
    "node_modules/redis": {
      "version": "3.1.2",
      "resolved": "https://registry.npmjs.org/redis/-/redis-3.1.2.tgz",
      "integrity": "sha512-grn5KoZLr/qrRQVwoSkmzdbw6pwF+/rwODtrOr6vuBRiR/f3rjSTGupbF90Zpqm2oenix8Do6RV7pYEkGwlKkw==",
      "dependencies": {
        "denque": "^1.5.0",
        "redis-commands": "^1.7.0",
        "redis-errors": "^1.2.0",
        "redis-parser": "^3.0.0"
      },
      "engines": {
        "node": ">=10"
      },
      "funding": {
        "type": "opencollective",
        "url": "https://opencollective.com/node-redis"
      }
    },
    "node_modules/redis-commands": {
      "version": "1.7.0",
      "resolved": "https://registry.npmjs.org/redis-commands/-/redis-commands-1.7.0.tgz",
      "integrity": "sha512-nJWqw3bTFy21hX/CPKHth6sfhZbdiHP6bTawSgQBlKOVRG7EZkfHbbHwQJnrE4vsQf0CMNE+3gJ4Fmm16vdVlQ=="
    },
    "node_modules/redis-errors": {
      "version": "1.2.0",
      "resolved": "https://registry.npmjs.org/redis-errors/-/redis-errors-1.2.0.tgz",
      "integrity": "sha1-62LSrbFeTq9GEMBK/hUpOEJQq60=",
      "engines": {
        "node": ">=4"
      }
    },
    "node_modules/redis-parser": {
      "version": "3.0.0",
      "resolved": "https://registry.npmjs.org/redis-parser/-/redis-parser-3.0.0.tgz",
      "integrity": "sha1-tm2CjNyv5rS4pCin3vTGvKwxyLQ=",
      "dependencies": {
        "redis-errors": "^1.0.0"
      },
      "engines": {
        "node": ">=4"
      }
    },
    "node_modules/require-from-string": {
      "version": "2.0.2",
      "resolved": "https://registry.npmjs.org/require-from-string/-/require-from-string-2.0.2.tgz",
      "integrity": "sha512-Xf0nWe6RseziFMu+Ap9biiUbmplq6S9/p+7w7YXP/JBHhrUDDUhwa+vANyubuqfZWTveU//DYVGsDG7RKL/vEw==",
      "engines": {
        "node": ">=0.10.0"
      }
    },
    "node_modules/uri-js": {
      "version": "4.4.1",
      "resolved": "https://registry.npmjs.org/uri-js/-/uri-js-4.4.1.tgz",
      "integrity": "sha512-7rKUyy33Q1yc98pQ1DAmLtwX109F7TIfWlW1Ydo8Wl1ii1SeHieeh0HHfPeL2fMXK6z0s8ecKs9frCuLJvndBg==",
      "dependencies": {
        "punycode": "^2.1.0"
      }
    }
  },
  "dependencies": {
    "@shared/utils": {
      "version": "file:../../shared/utils"
    },
    "@sls/configurations": {
      "version": "file:../../sls/configurations",
      "requires": {
        "@babel/cli": "^7.13.16",
        "@babel/core": "^7.13.16",
        "@babel/eslint-parser": "^7.13.14",
        "@babel/node": "^7.13.13",
        "@babel/plugin-proposal-class-properties": "^7.13.0",
        "@babel/plugin-transform-runtime": "^7.13.15",
        "@babel/preset-env": "^7.13.15",
        "@babel/preset-typescript": "^7.13.0",
        "@types/aws-lambda": "^8.10.76",
        "@types/jest": "^26.0.23",
        "@types/serverless": "^1.78.28",
        "@typescript-eslint/eslint-plugin": "^4.22.0",
        "@typescript-eslint/parser": "^4.22.0",
        "babel-jest": "^26.6.3",
        "babel-loader": "^8.2.2",
        "eslint": "^7.25.0",
        "eslint-config-airbnb-base": "^14.2.1",
        "eslint-plugin-import": "^2.22.1",
        "file-loader": "^6.2.0",
        "fork-ts-checker-webpack-plugin": "^6.2.10",
        "jest": "^26.6.3",
        "serverless-webpack": "^5.4.1",
        "source-map-support": "^0.5.19",
        "typescript": "^4.2.4",
        "webpack": "^5.35.1",
        "webpack-bundle-analyzer": "^4.4.1",
        "webpack-cli": "^4.6.0",
        "webpack-node-externals": "^3.0.0"
      }
    },
    "@sls/definitions": {
      "version": "file:../../sls/definitions",
      "requires": {
        "@sls/configurations": "file:../configurations",
        "serverless": "^2.38.0",
        "serverless-iam-roles-per-function": "^3.1.0",
        "serverless-localstack": "^0.4.31",
        "serverless-offline": "^6.9.0",
        "serverless-offline-scheduler": "^0.4.2",
        "serverless-offline-sns": "^0.68.0",
        "serverless-offline-sqs": "^4.1.1",
        "serverless-plugin-scripts": "^1.0.2",
        "serverless-plugin-typescript": "^1.1.9",
        "serverless-s3-local": "^0.6.14",
        "serverless-webpack": "^5.4.2"
      }
    },
    "@sls/lib": {
      "version": "file:../../sls/lib",
      "requires": {
        "@sls/configurations": "file:../configurations",
        "aws-sdk": "^2.892.0",
        "source-map-support": "^0.5.19"
      }
    },
    "@types/aws-lambda": {
      "version": "8.10.76",
      "resolved": "https://registry.npmjs.org/@types/aws-lambda/-/aws-lambda-8.10.76.tgz",
      "integrity": "sha512-lCTyeRm3NWqSwDnoji0z82Pl0tsOpr1p+33AiNeidgarloWXh3wdiVRUuxEa+sY9S5YLOYGz5X3N3Zvpibvm5w==",
      "dev": true
    },
    "@types/node": {
      "version": "15.6.0",
      "resolved": "https://registry.npmjs.org/@types/node/-/node-15.6.0.tgz",
      "integrity": "sha512-gCYSfQpy+LYhOFTKAeE8BkyGqaxmlFxe+n4DKM6DR0wzw/HISUE/hAmkC/KT8Sw5PCJblqg062b3z9gucv3k0A==",
      "dev": true
    },
    "@types/redis": {
      "version": "2.8.28",
      "resolved": "https://registry.npmjs.org/@types/redis/-/redis-2.8.28.tgz",
      "integrity": "sha512-8l2gr2OQ969ypa7hFOeKqtFoY70XkHxISV0pAwmQ2nm6CSPb1brmTmqJCGGrekCo+pAZyWlNXr+Kvo6L/1wijA==",
      "dev": true,
      "requires": {
        "@types/node": "*"
      }
    },
    "ajv": {
      "version": "8.5.0",
      "resolved": "https://registry.npmjs.org/ajv/-/ajv-8.5.0.tgz",
      "integrity": "sha512-Y2l399Tt1AguU3BPRP9Fn4eN+Or+StUGWCUpbnFyXSo8NZ9S4uj+AG2pjs5apK+ZMOwYOz1+a+VKvKH7CudXgQ==",
      "requires": {
        "fast-deep-equal": "^3.1.1",
        "json-schema-traverse": "^1.0.0",
        "require-from-string": "^2.0.2",
        "uri-js": "^4.2.2"
      }
    },
    "denque": {
      "version": "1.5.0",
      "resolved": "https://registry.npmjs.org/denque/-/denque-1.5.0.tgz",
      "integrity": "sha512-CYiCSgIF1p6EUByQPlGkKnP1M9g0ZV3qMIrqMqZqdwazygIA/YP2vrbcyl1h/WppKJTdl1F85cXIle+394iDAQ=="
    },
    "fast-deep-equal": {
      "version": "3.1.3",
      "resolved": "https://registry.npmjs.org/fast-deep-equal/-/fast-deep-equal-3.1.3.tgz",
      "integrity": "sha512-f3qQ9oQy9j2AhBe/H9VC91wLmKBCCU/gDOnKNAYG5hswO7BLKj09Hc5HYNz9cGI++xlpDCIgDaitVs03ATR84Q=="
    },
    "json-schema-traverse": {
      "version": "1.0.0",
      "resolved": "https://registry.npmjs.org/json-schema-traverse/-/json-schema-traverse-1.0.0.tgz",
      "integrity": "sha512-NM8/P9n3XjXhIZn1lLhkFaACTOURQXjWhV4BA/RnOv8xvgqtqpAX9IO4mRQxSx1Rlo4tqzeqb0sOlruaOy3dug=="
    },
    "punycode": {
      "version": "2.1.1",
      "resolved": "https://registry.npmjs.org/punycode/-/punycode-2.1.1.tgz",
      "integrity": "sha512-XRsRjdf+j5ml+y/6GKHPZbrF/8p2Yga0JPtdqTIY2Xe5ohJPD9saDJJLPvp9+NSBprVvevdXZybnj2cv8OEd0A=="
    },
    "redis": {
      "version": "3.1.2",
      "resolved": "https://registry.npmjs.org/redis/-/redis-3.1.2.tgz",
      "integrity": "sha512-grn5KoZLr/qrRQVwoSkmzdbw6pwF+/rwODtrOr6vuBRiR/f3rjSTGupbF90Zpqm2oenix8Do6RV7pYEkGwlKkw==",
      "requires": {
        "denque": "^1.5.0",
        "redis-commands": "^1.7.0",
        "redis-errors": "^1.2.0",
        "redis-parser": "^3.0.0"
      }
    },
    "redis-commands": {
      "version": "1.7.0",
      "resolved": "https://registry.npmjs.org/redis-commands/-/redis-commands-1.7.0.tgz",
      "integrity": "sha512-nJWqw3bTFy21hX/CPKHth6sfhZbdiHP6bTawSgQBlKOVRG7EZkfHbbHwQJnrE4vsQf0CMNE+3gJ4Fmm16vdVlQ=="
    },
    "redis-errors": {
      "version": "1.2.0",
      "resolved": "https://registry.npmjs.org/redis-errors/-/redis-errors-1.2.0.tgz",
      "integrity": "sha1-62LSrbFeTq9GEMBK/hUpOEJQq60="
    },
    "redis-parser": {
      "version": "3.0.0",
      "resolved": "https://registry.npmjs.org/redis-parser/-/redis-parser-3.0.0.tgz",
      "integrity": "sha1-tm2CjNyv5rS4pCin3vTGvKwxyLQ=",
      "requires": {
        "redis-errors": "^1.0.0"
      }
    },
    "require-from-string": {
      "version": "2.0.2",
      "resolved": "https://registry.npmjs.org/require-from-string/-/require-from-string-2.0.2.tgz",
      "integrity": "sha512-Xf0nWe6RseziFMu+Ap9biiUbmplq6S9/p+7w7YXP/JBHhrUDDUhwa+vANyubuqfZWTveU//DYVGsDG7RKL/vEw=="
    },
    "uri-js": {
      "version": "4.4.1",
      "resolved": "https://registry.npmjs.org/uri-js/-/uri-js-4.4.1.tgz",
      "integrity": "sha512-7rKUyy33Q1yc98pQ1DAmLtwX109F7TIfWlW1Ydo8Wl1ii1SeHieeh0HHfPeL2fMXK6z0s8ecKs9frCuLJvndBg==",
      "requires": {
        "punycode": "^2.1.0"
      }
    }
  }
}
